PODS:
  - MVPArchitecture (1.0):
    - RxSwift
  - RxCocoa (4.3.1):
    - RxSwift (~> 4.0)
  - RxSwift (4.3.1)
  - SnapKit (4.0.1)
  - Swinject (2.5.0)

DEPENDENCIES:
  - MVPArchitecture (from `../`)
  - RxCocoa
  - SnapKit
  - Swinject

SPEC REPOS:
  https://github.com/cocoapods/specs.git:
    - RxCocoa
    - RxSwift
    - SnapKit
    - Swinject

EXTERNAL SOURCES:
  MVPArchitecture:
    :path: "../"

SPEC CHECKSUMS:
  MVPArchitecture: afd0202333172d0cc4ecdae9a8b5e15a8285a8ce
  RxCocoa: 78763c7b07d02455598d9fc3c1ad091a28b73635
  RxSwift: fe0fd770a43acdb7d0a53da411c9b892e69bb6e4
  SnapKit: 0de968a9fec17499afa29683b05d0c775b6d1c29
  Swinject: 82cdb851f63f91bba974e3eca1d69780f2f7677e

PODFILE CHECKSUM: 9ce9fd4d44383c14b61bd197e6267abfe6782e5e

COCOAPODS: 1.5.3
