// !$*UTF8*$!
{
	archiveVersion = 1;
	classes = {
	};
	objectVersion = 50;
	objects = {

/* Begin PBXBuildFile section */
		1D5CE5502160968500EF5A4B /* PostsSpec.swift in Sources */ = {isa = PBXBuildFile; fileRef = 1D5CE54F2160968500EF5A4B /* PostsSpec.swift */; };
		1D5CE5522160B92300EF5A4B /* RootRouter.swift in Sources */ = {isa = PBXBuildFile; fileRef = 1D5CE5512160B92300EF5A4B /* RootRouter.swift */; };
		1D5CE5552160C89700EF5A4B /* RootView.swift in Sources */ = {isa = PBXBuildFile; fileRef = 1D5CE5542160C89700EF5A4B /* RootView.swift */; };
		1D5CE5572160C95C00EF5A4B /* RootPresenter.swift in Sources */ = {isa = PBXBuildFile; fileRef = 1D5CE5562160C95C00EF5A4B /* RootPresenter.swift */; };
		1D5CE5592160D3C700EF5A4B /* PostsInteractor.swift in Sources */ = {isa = PBXBuildFile; fileRef = 1D5CE5582160D3C700EF5A4B /* PostsInteractor.swift */; };
		1D5CE5602160E18500EF5A4B /* RandomNumberService.swift in Sources */ = {isa = PBXBuildFile; fileRef = 1D5CE55F2160E18500EF5A4B /* RandomNumberService.swift */; };
		1DA6A83F215FC020006EC489 /* AppDelegate.swift in Sources */ = {isa = PBXBuildFile; fileRef = 1DA6A83E215FC020006EC489 /* AppDelegate.swift */; };
		1DA6A847215FC020006EC489 /* Example.xcdatamodeld in Sources */ = {isa = PBXBuildFile; fileRef = 1DA6A845215FC020006EC489 /* Example.xcdatamodeld */; };
		1DA6A849215FC021006EC489 /* Assets.xcassets in Resources */ = {isa = PBXBuildFile; fileRef = 1DA6A848215FC021006EC489 /* Assets.xcassets */; };
		1DA6A84C215FC021006EC489 /* LaunchScreen.storyboard in Resources */ = {isa = PBXBuildFile; fileRef = 1DA6A84A215FC021006EC489 /* LaunchScreen.storyboard */; };
		1DA6A857215FC021006EC489 /* ExampleTests.swift in Sources */ = {isa = PBXBuildFile; fileRef = 1DA6A856215FC021006EC489 /* ExampleTests.swift */; };
		1DA6A862215FC021006EC489 /* ExampleUITests.swift in Sources */ = {isa = PBXBuildFile; fileRef = 1DA6A861215FC021006EC489 /* ExampleUITests.swift */; };
		1DA6A87D215FC7DD006EC489 /* PostsPresenter.swift in Sources */ = {isa = PBXBuildFile; fileRef = 1DA6A87C215FC7DD006EC489 /* PostsPresenter.swift */; };
		1DA6A87F215FCDE7006EC489 /* PostsViewController.swift in Sources */ = {isa = PBXBuildFile; fileRef = 1DA6A87E215FCDE7006EC489 /* PostsViewController.swift */; };
		1DA6A881215FCF48006EC489 /* PostsRouter.swift in Sources */ = {isa = PBXBuildFile; fileRef = 1DA6A880215FCF48006EC489 /* PostsRouter.swift */; };
		4838468672FF85B26CBC32FF /* Pods_ExampleUITests.framework in Frameworks */ = {isa = PBXBuildFile; fileRef = E297A234522D85967D614E5E /* Pods_ExampleUITests.framework */; };
		82914FC8C51D4FB8165CE928 /* Pods_Example.framework in Frameworks */ = {isa = PBXBuildFile; fileRef = 4499DDF830F9027BF82DF9C3 /* Pods_Example.framework */; };
		E0549C8364095E22E2AB6998 /* Pods_ExampleTests.framework in Frameworks */ = {isa = PBXBuildFile; fileRef = 2AC7B352A62BA36FBC936414 /* Pods_ExampleTests.framework */; };
/* End PBXBuildFile section */

/* Begin PBXContainerItemProxy section */
		1DA6A853215FC021006EC489 /* PBXContainerItemProxy */ = {
			isa = PBXContainerItemProxy;
			containerPortal = 1DA6A833215FC020006EC489 /* Project object */;
			proxyType = 1;
			remoteGlobalIDString = 1DA6A83A215FC020006EC489;
			remoteInfo = Example;
		};
		1DA6A85E215FC021006EC489 /* PBXContainerItemProxy */ = {
			isa = PBXContainerItemProxy;
			containerPortal = 1DA6A833215FC020006EC489 /* Project object */;
			proxyType = 1;
			remoteGlobalIDString = 1DA6A83A215FC020006EC489;
			remoteInfo = Example;
		};
/* End PBXContainerItemProxy section */

/* Begin PBXFileReference section */
		1955E74110714C1ABA899372 /* Pods-ExampleTests.debug.xcconfig */ = {isa = PBXFileReference; includeInIndex = 1; lastKnownFileType = text.xcconfig; name = "Pods-ExampleTests.debug.xcconfig"; path = "Pods/Target Support Files/Pods-ExampleTests/Pods-ExampleTests.debug.xcconfig"; sourceTree = "<group>"; };
		1D5CE54F2160968500EF5A4B /* PostsSpec.swift */ = {isa = PBXFileReference; lastKnownFileType = sourcecode.swift; path = PostsSpec.swift; sourceTree = "<group>"; };
		1D5CE5512160B92300EF5A4B /* RootRouter.swift */ = {isa = PBXFileReference; lastKnownFileType = sourcecode.swift; path = RootRouter.swift; sourceTree = "<group>"; };
		1D5CE5542160C89700EF5A4B /* RootView.swift */ = {isa = PBXFileReference; lastKnownFileType = sourcecode.swift; path = RootView.swift; sourceTree = "<group>"; };
		1D5CE5562160C95C00EF5A4B /* RootPresenter.swift */ = {isa = PBXFileReference; lastKnownFileType = sourcecode.swift; path = RootPresenter.swift; sourceTree = "<group>"; };
		1D5CE5582160D3C700EF5A4B /* PostsInteractor.swift */ = {isa = PBXFileReference; lastKnownFileType = sourcecode.swift; path = PostsInteractor.swift; sourceTree = "<group>"; };
		1D5CE55F2160E18500EF5A4B /* RandomNumberService.swift */ = {isa = PBXFileReference; lastKnownFileType = sourcecode.swift; path = RandomNumberService.swift; sourceTree = "<group>"; };
		1DA6A83B215FC020006EC489 /* Example.app */ = {isa = PBXFileReference; explicitFileType = wrapper.application; includeInIndex = 0; path = Example.app; sourceTree = BUILT_PRODUCTS_DIR; };
		1DA6A83E215FC020006EC489 /* AppDelegate.swift */ = {isa = PBXFileReference; lastKnownFileType = sourcecode.swift; path = AppDelegate.swift; sourceTree = "<group>"; };
		1DA6A846215FC020006EC489 /* Example.xcdatamodel */ = {isa = PBXFileReference; lastKnownFileType = wrapper.xcdatamodel; path = Example.xcdatamodel; sourceTree = "<group>"; };
		1DA6A848215FC021006EC489 /* Assets.xcassets */ = {isa = PBXFileReference; lastKnownFileType = folder.assetcatalog; path = Assets.xcassets; sourceTree = "<group>"; };
		1DA6A84B215FC021006EC489 /* Base */ = {isa = PBXFileReference; lastKnownFileType = file.storyboard; name = Base; path = Base.lproj/LaunchScreen.storyboard; sourceTree = "<group>"; };
		1DA6A84D215FC021006EC489 /* Info.plist */ = {isa = PBXFileReference; lastKnownFileType = text.plist.xml; path = Info.plist; sourceTree = "<group>"; };
		1DA6A852215FC021006EC489 /* ExampleTests.xctest */ = {isa = PBXFileReference; explicitFileType = wrapper.cfbundle; includeInIndex = 0; path = ExampleTests.xctest; sourceTree = BUILT_PRODUCTS_DIR; };
		1DA6A856215FC021006EC489 /* ExampleTests.swift */ = {isa = PBXFileReference; lastKnownFileType = sourcecode.swift; path = ExampleTests.swift; sourceTree = "<group>"; };
		1DA6A858215FC021006EC489 /* Info.plist */ = {isa = PBXFileReference; lastKnownFileType = text.plist.xml; path = Info.plist; sourceTree = "<group>"; };
		1DA6A85D215FC021006EC489 /* ExampleUITests.xctest */ = {isa = PBXFileReference; explicitFileType = wrapper.cfbundle; includeInIndex = 0; path = ExampleUITests.xctest; sourceTree = BUILT_PRODUCTS_DIR; };
		1DA6A861215FC021006EC489 /* ExampleUITests.swift */ = {isa = PBXFileReference; lastKnownFileType = sourcecode.swift; path = ExampleUITests.swift; sourceTree = "<group>"; };
		1DA6A863215FC021006EC489 /* Info.plist */ = {isa = PBXFileReference; lastKnownFileType = text.plist.xml; path = Info.plist; sourceTree = "<group>"; };
		1DA6A87C215FC7DD006EC489 /* PostsPresenter.swift */ = {isa = PBXFileReference; lastKnownFileType = sourcecode.swift; path = PostsPresenter.swift; sourceTree = "<group>"; };
		1DA6A87E215FCDE7006EC489 /* PostsViewController.swift */ = {isa = PBXFileReference; lastKnownFileType = sourcecode.swift; path = PostsViewController.swift; sourceTree = "<group>"; };
		1DA6A880215FCF48006EC489 /* PostsRouter.swift */ = {isa = PBXFileReference; lastKnownFileType = sourcecode.swift; path = PostsRouter.swift; sourceTree = "<group>"; };
		2AC7B352A62BA36FBC936414 /* Pods_ExampleTests.framework */ = {isa = PBXFileReference; explicitFileType = wrapper.framework; includeInIndex = 0; path = Pods_ExampleTests.framework; sourceTree = BUILT_PRODUCTS_DIR; };
		4499DDF830F9027BF82DF9C3 /* Pods_Example.framework */ = {isa = PBXFileReference; explicitFileType = wrapper.framework; includeInIndex = 0; path = Pods_Example.framework; sourceTree = BUILT_PRODUCTS_DIR; };
		6B382F46B25C6B04E0F429D2 /* Pods-Example.debug.xcconfig */ = {isa = PBXFileReference; includeInIndex = 1; lastKnownFileType = text.xcconfig; name = "Pods-Example.debug.xcconfig"; path = "Pods/Target Support Files/Pods-Example/Pods-Example.debug.xcconfig"; sourceTree = "<group>"; };
		BCDA9708051AC125915A4C2C /* Pods-ExampleTests.release.xcconfig */ = {isa = PBXFileReference; includeInIndex = 1; lastKnownFileType = text.xcconfig; name = "Pods-ExampleTests.release.xcconfig"; path = "Pods/Target Support Files/Pods-ExampleTests/Pods-ExampleTests.release.xcconfig"; sourceTree = "<group>"; };
		CB27C603B9CF28EC443FE7CE /* Pods-ExampleUITests.release.xcconfig */ = {isa = PBXFileReference; includeInIndex = 1; lastKnownFileType = text.xcconfig; name = "Pods-ExampleUITests.release.xcconfig"; path = "Pods/Target Support Files/Pods-ExampleUITests/Pods-ExampleUITests.release.xcconfig"; sourceTree = "<group>"; };
		D01C04300EF47791DDEC9B80 /* Pods-ExampleUITests.debug.xcconfig */ = {isa = PBXFileReference; includeInIndex = 1; lastKnownFileType = text.xcconfig; name = "Pods-ExampleUITests.debug.xcconfig"; path = "Pods/Target Support Files/Pods-ExampleUITests/Pods-ExampleUITests.debug.xcconfig"; sourceTree = "<group>"; };
		E297A234522D85967D614E5E /* Pods_ExampleUITests.framework */ = {isa = PBXFileReference; explicitFileType = wrapper.framework; includeInIndex = 0; path = Pods_ExampleUITests.framework; sourceTree = BUILT_PRODUCTS_DIR; };
		EA8D197679262BD956A5733A /* Pods-Example.release.xcconfig */ = {isa = PBXFileReference; includeInIndex = 1; lastKnownFileType = text.xcconfig; name = "Pods-Example.release.xcconfig"; path = "Pods/Target Support Files/Pods-Example/Pods-Example.release.xcconfig"; sourceTree = "<group>"; };
/* End PBXFileReference section */

/* Begin PBXFrameworksBuildPhase section */
		1DA6A838215FC020006EC489 /* Frameworks */ = {
			isa = PBXFrameworksBuildPhase;
			buildActionMask = 2147483647;
			files = (
				82914FC8C51D4FB8165CE928 /* Pods_Example.framework in Frameworks */,
			);
			runOnlyForDeploymentPostprocessing = 0;
		};
		1DA6A84F215FC021006EC489 /* Frameworks */ = {
			isa = PBXFrameworksBuildPhase;
			buildActionMask = 2147483647;
			files = (
				E0549C8364095E22E2AB6998 /* Pods_ExampleTests.framework in Frameworks */,
			);
			runOnlyForDeploymentPostprocessing = 0;
		};
		1DA6A85A215FC021006EC489 /* Frameworks */ = {
			isa = PBXFrameworksBuildPhase;
			buildActionMask = 2147483647;
			files = (
				4838468672FF85B26CBC32FF /* Pods_ExampleUITests.framework in Frameworks */,
			);
			runOnlyForDeploymentPostprocessing = 0;
		};
/* End PBXFrameworksBuildPhase section */

/* Begin PBXGroup section */
		0EF1485AF67787BB6AB9AF49 /* Pods */ = {
			isa = PBXGroup;
			children = (
				6B382F46B25C6B04E0F429D2 /* Pods-Example.debug.xcconfig */,
				EA8D197679262BD956A5733A /* Pods-Example.release.xcconfig */,
				1955E74110714C1ABA899372 /* Pods-ExampleTests.debug.xcconfig */,
				BCDA9708051AC125915A4C2C /* Pods-ExampleTests.release.xcconfig */,
				D01C04300EF47791DDEC9B80 /* Pods-ExampleUITests.debug.xcconfig */,
				CB27C603B9CF28EC443FE7CE /* Pods-ExampleUITests.release.xcconfig */,
			);
			name = Pods;
			sourceTree = "<group>";
		};
		1D5CE5532160BB8600EF5A4B /* Root */ = {
			isa = PBXGroup;
			children = (
				1D5CE5542160C89700EF5A4B /* RootView.swift */,
				1D5CE5562160C95C00EF5A4B /* RootPresenter.swift */,
				1D5CE5512160B92300EF5A4B /* RootRouter.swift */,
			);
			path = Root;
			sourceTree = "<group>";
		};
		1D5CE55E2160E17400EF5A4B /* Services */ = {
			isa = PBXGroup;
			children = (
				1D5CE55F2160E18500EF5A4B /* RandomNumberService.swift */,
			);
			path = Services;
			sourceTree = "<group>";
		};
		1DA6A832215FC020006EC489 = {
			isa = PBXGroup;
			children = (
				1DA6A83D215FC020006EC489 /* Example */,
				1DA6A855215FC021006EC489 /* ExampleTests */,
				1DA6A860215FC021006EC489 /* ExampleUITests */,
				1DA6A83C215FC020006EC489 /* Products */,
				0EF1485AF67787BB6AB9AF49 /* Pods */,
				BFA9C3AC2D5DA93A60047D2F /* Frameworks */,
			);
			sourceTree = "<group>";
		};
		1DA6A83C215FC020006EC489 /* Products */ = {
			isa = PBXGroup;
			children = (
				1DA6A83B215FC020006EC489 /* Example.app */,
				1DA6A852215FC021006EC489 /* ExampleTests.xctest */,
				1DA6A85D215FC021006EC489 /* ExampleUITests.xctest */,
			);
			name = Products;
			sourceTree = "<group>";
		};
		1DA6A83D215FC020006EC489 /* Example */ = {
			isa = PBXGroup;
			children = (
				1D5CE55E2160E17400EF5A4B /* Services */,
				1D5CE5532160BB8600EF5A4B /* Root */,
				1DA6A879215FC777006EC489 /* Posts */,
				1DA6A83E215FC020006EC489 /* AppDelegate.swift */,
				1DA6A848215FC021006EC489 /* Assets.xcassets */,
				1DA6A84A215FC021006EC489 /* LaunchScreen.storyboard */,
				1DA6A84D215FC021006EC489 /* Info.plist */,
				1DA6A845215FC020006EC489 /* Example.xcdatamodeld */,
			);
			path = Example;
			sourceTree = "<group>";
		};
		1DA6A855215FC021006EC489 /* ExampleTests */ = {
			isa = PBXGroup;
			children = (
				1DA6A856215FC021006EC489 /* ExampleTests.swift */,
				1DA6A858215FC021006EC489 /* Info.plist */,
			);
			path = ExampleTests;
			sourceTree = "<group>";
		};
		1DA6A860215FC021006EC489 /* ExampleUITests */ = {
			isa = PBXGroup;
			children = (
				1DA6A861215FC021006EC489 /* ExampleUITests.swift */,
				1DA6A863215FC021006EC489 /* Info.plist */,
			);
			path = ExampleUITests;
			sourceTree = "<group>";
		};
		1DA6A879215FC777006EC489 /* Posts */ = {
			isa = PBXGroup;
			children = (
				1DA6A87E215FCDE7006EC489 /* PostsViewController.swift */,
				1DA6A87C215FC7DD006EC489 /* PostsPresenter.swift */,
				1D5CE5582160D3C700EF5A4B /* PostsInteractor.swift */,
				1DA6A880215FCF48006EC489 /* PostsRouter.swift */,
				1D5CE54F2160968500EF5A4B /* PostsSpec.swift */,
			);
			path = Posts;
			sourceTree = "<group>";
		};
		BFA9C3AC2D5DA93A60047D2F /* Frameworks */ = {
			isa = PBXGroup;
			children = (
				4499DDF830F9027BF82DF9C3 /* Pods_Example.framework */,
				2AC7B352A62BA36FBC936414 /* Pods_ExampleTests.framework */,
				E297A234522D85967D614E5E /* Pods_ExampleUITests.framework */,
			);
			name = Frameworks;
			sourceTree = "<group>";
		};
/* End PBXGroup section */

/* Begin PBXNativeTarget section */
		1DA6A83A215FC020006EC489 /* Example */ = {
			isa = PBXNativeTarget;
			buildConfigurationList = 1DA6A866215FC021006EC489 /* Build configuration list for PBXNativeTarget "Example" */;
			buildPhases = (
				62106B458375FBBAD445F2C0 /* [CP] Check Pods Manifest.lock */,
				1DA6A837215FC020006EC489 /* Sources */,
				1DA6A838215FC020006EC489 /* Frameworks */,
				1DA6A839215FC020006EC489 /* Resources */,
				1DC524DA3BD07E5AD43E869E /* [CP] Embed Pods Frameworks */,
			);
			buildRules = (
			);
			dependencies = (
			);
			name = Example;
			productName = Example;
			productReference = 1DA6A83B215FC020006EC489 /* Example.app */;
			productType = "com.apple.product-type.application";
		};
		1DA6A851215FC021006EC489 /* ExampleTests */ = {
			isa = PBXNativeTarget;
			buildConfigurationList = 1DA6A869215FC021006EC489 /* Build configuration list for PBXNativeTarget "ExampleTests" */;
			buildPhases = (
				901D8C3BF7DD8F9AC6FEFE68 /* [CP] Check Pods Manifest.lock */,
				1DA6A84E215FC021006EC489 /* Sources */,
				1DA6A84F215FC021006EC489 /* Frameworks */,
				1DA6A850215FC021006EC489 /* Resources */,
			);
			buildRules = (
			);
			dependencies = (
				1DA6A854215FC021006EC489 /* PBXTargetDependency */,
			);
			name = ExampleTests;
			productName = ExampleTests;
			productReference = 1DA6A852215FC021006EC489 /* ExampleTests.xctest */;
			productType = "com.apple.product-type.bundle.unit-test";
		};
		1DA6A85C215FC021006EC489 /* ExampleUITests */ = {
			isa = PBXNativeTarget;
			buildConfigurationList = 1DA6A86C215FC021006EC489 /* Build configuration list for PBXNativeTarget "ExampleUITests" */;
			buildPhases = (
				A3883B1E456BA90612E0EB6F /* [CP] Check Pods Manifest.lock */,
				1DA6A859215FC021006EC489 /* Sources */,
				1DA6A85A215FC021006EC489 /* Frameworks */,
				1DA6A85B215FC021006EC489 /* Resources */,
			);
			buildRules = (
			);
			dependencies = (
				1DA6A85F215FC021006EC489 /* PBXTargetDependency */,
			);
			name = ExampleUITests;
			productName = ExampleUITests;
			productReference = 1DA6A85D215FC021006EC489 /* ExampleUITests.xctest */;
			productType = "com.apple.product-type.bundle.ui-testing";
		};
/* End PBXNativeTarget section */

/* Begin PBXProject section */
		1DA6A833215FC020006EC489 /* Project object */ = {
			isa = PBXProject;
			attributes = {
				LastSwiftUpdateCheck = 0940;
				LastUpgradeCheck = 0940;
				ORGANIZATIONNAME = vomh;
				TargetAttributes = {
					1DA6A83A215FC020006EC489 = {
						CreatedOnToolsVersion = 9.4.1;
					};
					1DA6A851215FC021006EC489 = {
						CreatedOnToolsVersion = 9.4.1;
						TestTargetID = 1DA6A83A215FC020006EC489;
					};
					1DA6A85C215FC021006EC489 = {
						CreatedOnToolsVersion = 9.4.1;
						TestTargetID = 1DA6A83A215FC020006EC489;
					};
				};
			};
			buildConfigurationList = 1DA6A836215FC020006EC489 /* Build configuration list for PBXProject "Example" */;
			compatibilityVersion = "Xcode 9.3";
			developmentRegion = en;
			hasScannedForEncodings = 0;
			knownRegions = (
				en,
				Base,
			);
			mainGroup = 1DA6A832215FC020006EC489;
			productRefGroup = 1DA6A83C215FC020006EC489 /* Products */;
			projectDirPath = "";
			projectRoot = "";
			targets = (
				1DA6A83A215FC020006EC489 /* Example */,
				1DA6A851215FC021006EC489 /* ExampleTests */,
				1DA6A85C215FC021006EC489 /* ExampleUITests */,
			);
		};
/* End PBXProject section */

/* Begin PBXResourcesBuildPhase section */
		1DA6A839215FC020006EC489 /* Resources */ = {
			isa = PBXResourcesBuildPhase;
			buildActionMask = 2147483647;
			files = (
				1DA6A84C215FC021006EC489 /* LaunchScreen.storyboard in Resources */,
				1DA6A849215FC021006EC489 /* Assets.xcassets in Resources */,
			);
			runOnlyForDeploymentPostprocessing = 0;
		};
		1DA6A850215FC021006EC489 /* Resources */ = {
			isa = PBXResourcesBuildPhase;
			buildActionMask = 2147483647;
			files = (
			);
			runOnlyForDeploymentPostprocessing = 0;
		};
		1DA6A85B215FC021006EC489 /* Resources */ = {
			isa = PBXResourcesBuildPhase;
			buildActionMask = 2147483647;
			files = (
			);
			runOnlyForDeploymentPostprocessing = 0;
		};
/* End PBXResourcesBuildPhase section */

/* Begin PBXShellScriptBuildPhase section */
		1DC524DA3BD07E5AD43E869E /* [CP] Embed Pods Frameworks */ = {
			isa = PBXShellScriptBuildPhase;
			buildActionMask = 2147483647;
			files = (
			);
			inputPaths = (
				"${SRCROOT}/Pods/Target Support Files/Pods-Example/Pods-Example-frameworks.sh",
				"${BUILT_PRODUCTS_DIR}/RxCocoa/RxCocoa.framework",
				"${BUILT_PRODUCTS_DIR}/RxSwift/RxSwift.framework",
				"${BUILT_PRODUCTS_DIR}/SnapKit/SnapKit.framework",
				"${BUILT_PRODUCTS_DIR}/Swinject/Swinject.framework",
			);
			name = "[CP] Embed Pods Frameworks";
			outputPaths = (
				"${TARGET_BUILD_DIR}/${FRAMEWORKS_FOLDER_PATH}/RxCocoa.framework",
				"${TARGET_BUILD_DIR}/${FRAMEWORKS_FOLDER_PATH}/RxSwift.framework",
				"${TARGET_BUILD_DIR}/${FRAMEWORKS_FOLDER_PATH}/SnapKit.framework",
				"${TARGET_BUILD_DIR}/${FRAMEWORKS_FOLDER_PATH}/Swinject.framework",
			);
			runOnlyForDeploymentPostprocessing = 0;
			shellPath = /bin/sh;
			shellScript = "\"${SRCROOT}/Pods/Target Support Files/Pods-Example/Pods-Example-frameworks.sh\"\n";
			showEnvVarsInLog = 0;
		};
		62106B458375FBBAD445F2C0 /* [CP] Check Pods Manifest.lock */ = {
			isa = PBXShellScriptBuildPhase;
			buildActionMask = 2147483647;
			files = (
			);
			inputPaths = (
				"${PODS_PODFILE_DIR_PATH}/Podfile.lock",
				"${PODS_ROOT}/Manifest.lock",
			);
			name = "[CP] Check Pods Manifest.lock";
			outputPaths = (
				"$(DERIVED_FILE_DIR)/Pods-Example-checkManifestLockResult.txt",
			);
			runOnlyForDeploymentPostprocessing = 0;
			shellPath = /bin/sh;
			shellScript = "diff \"${PODS_PODFILE_DIR_PATH}/Podfile.lock\" \"${PODS_ROOT}/Manifest.lock\" > /dev/null\nif [ $? != 0 ] ; then\n    # print error to STDERR\n    echo \"error: The sandbox is not in sync with the Podfile.lock. Run 'pod install' or update your CocoaPods installation.\" >&2\n    exit 1\nfi\n# This output is used by Xcode 'outputs' to avoid re-running this script phase.\necho \"SUCCESS\" > \"${SCRIPT_OUTPUT_FILE_0}\"\n";
			showEnvVarsInLog = 0;
		};
		901D8C3BF7DD8F9AC6FEFE68 /* [CP] Check Pods Manifest.lock */ = {
			isa = PBXShellScriptBuildPhase;
			buildActionMask = 2147483647;
			files = (
			);
			inputPaths = (
				"${PODS_PODFILE_DIR_PATH}/Podfile.lock",
				"${PODS_ROOT}/Manifest.lock",
			);
			name = "[CP] Check Pods Manifest.lock";
			outputPaths = (
				"$(DERIVED_FILE_DIR)/Pods-ExampleTests-checkManifestLockResult.txt",
			);
			runOnlyForDeploymentPostprocessing = 0;
			shellPath = /bin/sh;
			shellScript = "diff \"${PODS_PODFILE_DIR_PATH}/Podfile.lock\" \"${PODS_ROOT}/Manifest.lock\" > /dev/null\nif [ $? != 0 ] ; then\n    # print error to STDERR\n    echo \"error: The sandbox is not in sync with the Podfile.lock. Run 'pod install' or update your CocoaPods installation.\" >&2\n    exit 1\nfi\n# This output is used by Xcode 'outputs' to avoid re-running this script phase.\necho \"SUCCESS\" > \"${SCRIPT_OUTPUT_FILE_0}\"\n";
			showEnvVarsInLog = 0;
		};
		A3883B1E456BA90612E0EB6F /* [CP] Check Pods Manifest.lock */ = {
			isa = PBXShellScriptBuildPhase;
			buildActionMask = 2147483647;
			files = (
			);
			inputPaths = (
				"${PODS_PODFILE_DIR_PATH}/Podfile.lock",
				"${PODS_ROOT}/Manifest.lock",
			);
			name = "[CP] Check Pods Manifest.lock";
			outputPaths = (
				"$(DERIVED_FILE_DIR)/Pods-ExampleUITests-checkManifestLockResult.txt",
			);
			runOnlyForDeploymentPostprocessing = 0;
			shellPath = /bin/sh;
			shellScript = "diff \"${PODS_PODFILE_DIR_PATH}/Podfile.lock\" \"${PODS_ROOT}/Manifest.lock\" > /dev/null\nif [ $? != 0 ] ; then\n    # print error to STDERR\n    echo \"error: The sandbox is not in sync with the Podfile.lock. Run 'pod install' or update your CocoaPods installation.\" >&2\n    exit 1\nfi\n# This output is used by Xcode 'outputs' to avoid re-running this script phase.\necho \"SUCCESS\" > \"${SCRIPT_OUTPUT_FILE_0}\"\n";
			showEnvVarsInLog = 0;
		};
/* End PBXShellScriptBuildPhase section */

/* Begin PBXSourcesBuildPhase section */
		1DA6A837215FC020006EC489 /* Sources */ = {
			isa = PBXSourcesBuildPhase;
			buildActionMask = 2147483647;
			files = (
				1D5CE5552160C89700EF5A4B /* RootView.swift in Sources */,
				1DA6A881215FCF48006EC489 /* PostsRouter.swift in Sources */,
				1DA6A87D215FC7DD006EC489 /* PostsPresenter.swift in Sources */,
				1D5CE5602160E18500EF5A4B /* RandomNumberService.swift in Sources */,
				1D5CE5572160C95C00EF5A4B /* RootPresenter.swift in Sources */,
				1D5CE5502160968500EF5A4B /* PostsSpec.swift in Sources */,
				1DA6A847215FC020006EC489 /* Example.xcdatamodeld in Sources */,
				1D5CE5522160B92300EF5A4B /* RootRouter.swift in Sources */,
				1DA6A83F215FC020006EC489 /* AppDelegate.swift in Sources */,
				1D5CE5592160D3C700EF5A4B /* PostsInteractor.swift in Sources */,
				1DA6A87F215FCDE7006EC489 /* PostsViewController.swift in Sources */,
			);
			runOnlyForDeploymentPostprocessing = 0;
		};
		1DA6A84E215FC021006EC489 /* Sources */ = {
			isa = PBXSourcesBuildPhase;
			buildActionMask = 2147483647;
			files = (
				1DA6A857215FC021006EC489 /* ExampleTests.swift in Sources */,
			);
			runOnlyForDeploymentPostprocessing = 0;
		};
		1DA6A859215FC021006EC489 /* Sources */ = {
			isa = PBXSourcesBuildPhase;
			buildActionMask = 2147483647;
			files = (
				1DA6A862215FC021006EC489 /* ExampleUITests.swift in Sources */,
			);
			runOnlyForDeploymentPostprocessing = 0;
		};
/* End PBXSourcesBuildPhase section */

/* Begin PBXTargetDependency section */
		1DA6A854215FC021006EC489 /* PBXTargetDependency */ = {
			isa = PBXTargetDependency;
			target = 1DA6A83A215FC020006EC489 /* Example */;
			targetProxy = 1DA6A853215FC021006EC489 /* PBXContainerItemProxy */;
		};
		1DA6A85F215FC021006EC489 /* PBXTargetDependency */ = {
			isa = PBXTargetDependency;
			target = 1DA6A83A215FC020006EC489 /* Example */;
			targetProxy = 1DA6A85E215FC021006EC489 /* PBXContainerItemProxy */;
		};
/* End PBXTargetDependency section */

/* Begin PBXVariantGroup section */
		1DA6A84A215FC021006EC489 /* LaunchScreen.storyboard */ = {
			isa = PBXVariantGroup;
			children = (
				1DA6A84B215FC021006EC489 /* Base */,
			);
			name = LaunchScreen.storyboard;
			sourceTree = "<group>";
		};
/* End PBXVariantGroup section */

/* Begin XCBuildConfiguration section */
		1DA6A864215FC021006EC489 /* Debug */ = {
			isa = XCBuildConfiguration;
			buildSettings = {
				ALWAYS_SEARCH_USER_PATHS = NO;
				CLANG_ANALYZER_NONNULL = YES;
				CLANG_ANALYZER_NUMBER_OBJECT_CONVERSION = YES_AGGRESSIVE;
				CLANG_CXX_LANGUAGE_STANDARD = "gnu++14";
				CLANG_CXX_LIBRARY = "libc++";
				CLANG_ENABLE_MODULES = YES;
				CLANG_ENABLE_OBJC_ARC = YES;
				CLANG_ENABLE_OBJC_WEAK = YES;
				CLANG_WARN_BLOCK_CAPTURE_AUTORELEASING = YES;
				CLANG_WARN_BOOL_CONVERSION = YES;
				CLANG_WARN_COMMA = YES;
				CLANG_WARN_CONSTANT_CONVERSION = YES;
				CLANG_WARN_DEPRECATED_OBJC_IMPLEMENTATIONS = YES;
				CLANG_WARN_DIRECT_OBJC_ISA_USAGE = YES_ERROR;
				CLANG_WARN_DOCUMENTATION_COMMENTS = YES;
				CLANG_WARN_EMPTY_BODY = YES;
				CLANG_WARN_ENUM_CONVERSION = YES;
				CLANG_WARN_INFINITE_RECURSION = YES;
				CLANG_WARN_INT_CONVERSION = YES;
				CLANG_WARN_NON_LITERAL_NULL_CONVERSION = YES;
				CLANG_WARN_OBJC_IMPLICIT_RETAIN_SELF = YES;
				CLANG_WARN_OBJC_LITERAL_CONVERSION = YES;
				CLANG_WARN_OBJC_ROOT_CLASS = YES_ERROR;
				CLANG_WARN_RANGE_LOOP_ANALYSIS = YES;
				CLANG_WARN_STRICT_PROTOTYPES = YES;
				CLANG_WARN_SUSPICIOUS_MOVE = YES;
				CLANG_WARN_UNGUARDED_AVAILABILITY = YES_AGGRESSIVE;
				CLANG_WARN_UNREACHABLE_CODE = YES;
				CLANG_WARN__DUPLICATE_METHOD_MATCH = YES;
				CODE_SIGN_IDENTITY = "iPhone Developer";
				COPY_PHASE_STRIP = NO;
				DEBUG_INFORMATION_FORMAT = dwarf;
				ENABLE_STRICT_OBJC_MSGSEND = YES;
				ENABLE_TESTABILITY = YES;
				GCC_C_LANGUAGE_STANDARD = gnu11;
				GCC_DYNAMIC_NO_PIC = NO;
				GCC_NO_COMMON_BLOCKS = YES;
				GCC_OPTIMIZATION_LEVEL = 0;
				GCC_PREPROCESSOR_DEFINITIONS = (
					"DEBUG=1",
					"$(inherited)",
				);
				GCC_WARN_64_TO_32_BIT_CONVERSION = YES;
				GCC_WARN_ABOUT_RETURN_TYPE = YES_ERROR;
				GCC_WARN_UNDECLARED_SELECTOR = YES;
				GCC_WARN_UNINITIALIZED_AUTOS = YES_AGGRESSIVE;
				GCC_WARN_UNUSED_FUNCTION = YES;
				GCC_WARN_UNUSED_VARIABLE = YES;
				IPHONEOS_DEPLOYMENT_TARGET = 11.4;
				MTL_ENABLE_DEBUG_INFO = YES;
				ONLY_ACTIVE_ARCH = YES;
				SDKROOT = iphoneos;
				SWIFT_ACTIVE_COMPILATION_CONDITIONS = DEBUG;
				SWIFT_OPTIMIZATION_LEVEL = "-Onone";
			};
			name = Debug;
		};
		1DA6A865215FC021006EC489 /* Release */ = {
			isa = XCBuildConfiguration;
			buildSettings = {
				ALWAYS_SEARCH_USER_PATHS = NO;
				CLANG_ANALYZER_NONNULL = YES;
				CLANG_ANALYZER_NUMBER_OBJECT_CONVERSION = YES_AGGRESSIVE;
				CLANG_CXX_LANGUAGE_STANDARD = "gnu++14";
				CLANG_CXX_LIBRARY = "libc++";
				CLANG_ENABLE_MODULES = YES;
				CLANG_ENABLE_OBJC_ARC = YES;
				CLANG_ENABLE_OBJC_WEAK = YES;
				CLANG_WARN_BLOCK_CAPTURE_AUTORELEASING = YES;
				CLANG_WARN_BOOL_CONVERSION = YES;
				CLANG_WARN_COMMA = YES;
				CLANG_WARN_CONSTANT_CONVERSION = YES;
				CLANG_WARN_DEPRECATED_OBJC_IMPLEMENTATIONS = YES;
				CLANG_WARN_DIRECT_OBJC_ISA_USAGE = YES_ERROR;
				CLANG_WARN_DOCUMENTATION_COMMENTS = YES;
				CLANG_WARN_EMPTY_BODY = YES;
				CLANG_WARN_ENUM_CONVERSION = YES;
				CLANG_WARN_INFINITE_RECURSION = YES;
				CLANG_WARN_INT_CONVERSION = YES;
				CLANG_WARN_NON_LITERAL_NULL_CONVERSION = YES;
				CLANG_WARN_OBJC_IMPLICIT_RETAIN_SELF = YES;
				CLANG_WARN_OBJC_LITERAL_CONVERSION = YES;
				CLANG_WARN_OBJC_ROOT_CLASS = YES_ERROR;
				CLANG_WARN_RANGE_LOOP_ANALYSIS = YES;
				CLANG_WARN_STRICT_PROTOTYPES = YES;
				CLANG_WARN_SUSPICIOUS_MOVE = YES;
				CLANG_WARN_UNGUARDED_AVAILABILITY = YES_AGGRESSIVE;
				CLANG_WARN_UNREACHABLE_CODE = YES;
				CLANG_WARN__DUPLICATE_METHOD_MATCH = YES;
				CODE_SIGN_IDENTITY = "iPhone Developer";
				COPY_PHASE_STRIP = NO;
				DEBUG_INFORMATION_FORMAT = "dwarf-with-dsym";
				ENABLE_NS_ASSERTIONS = NO;
				ENABLE_STRICT_OBJC_MSGSEND = YES;
				GCC_C_LANGUAGE_STANDARD = gnu11;
				GCC_NO_COMMON_BLOCKS = YES;
				GCC_WARN_64_TO_32_BIT_CONVERSION = YES;
				GCC_WARN_ABOUT_RETURN_TYPE = YES_ERROR;
				GCC_WARN_UNDECLARED_SELECTOR = YES;
				GCC_WARN_UNINITIALIZED_AUTOS = YES_AGGRESSIVE;
				GCC_WARN_UNUSED_FUNCTION = YES;
				GCC_WARN_UNUSED_VARIABLE = YES;
				IPHONEOS_DEPLOYMENT_TARGET = 11.4;
				MTL_ENABLE_DEBUG_INFO = NO;
				SDKROOT = iphoneos;
				SWIFT_COMPILATION_MODE = wholemodule;
				SWIFT_OPTIMIZATION_LEVEL = "-O";
				VALIDATE_PRODUCT = YES;
			};
			name = Release;
		};
		1DA6A867215FC021006EC489 /* Debug */ = {
			isa = XCBuildConfiguration;
			baseConfigurationReference = 6B382F46B25C6B04E0F429D2 /* Pods-Example.debug.xcconfig */;
			buildSettings = {
				ASSETCATALOG_COMPILER_APPICON_NAME = AppIcon;
				CODE_SIGN_STYLE = Automatic;
				INFOPLIST_FILE = Example/Info.plist;
				LD_RUNPATH_SEARCH_PATHS = (
					"$(inherited)",
					"@executable_path/Frameworks",
				);
				PRODUCT_BUNDLE_IDENTIFIER = com.vomh.Example;
				PRODUCT_NAME = "$(TARGET_NAME)";
				SWIFT_VERSION = 4.0;
				TARGETED_DEVICE_FAMILY = "1,2";
			};
			name = Debug;
		};
		1DA6A868215FC021006EC489 /* Release */ = {
			isa = XCBuildConfiguration;
			baseConfigurationReference = EA8D197679262BD956A5733A /* Pods-Example.release.xcconfig */;
			buildSettings = {
				ASSETCATALOG_COMPILER_APPICON_NAME = AppIcon;
				CODE_SIGN_STYLE = Automatic;
				INFOPLIST_FILE = Example/Info.plist;
				LD_RUNPATH_SEARCH_PATHS = (
					"$(inherited)",
					"@executable_path/Frameworks",
				);
				PRODUCT_BUNDLE_IDENTIFIER = com.vomh.Example;
				PRODUCT_NAME = "$(TARGET_NAME)";
				SWIFT_VERSION = 4.0;
				TARGETED_DEVICE_FAMILY = "1,2";
			};
			name = Release;
		};
		1DA6A86A215FC021006EC489 /* Debug */ = {
			isa = XCBuildConfiguration;
			baseConfigurationReference = 1955E74110714C1ABA899372 /* Pods-ExampleTests.debug.xcconfig */;
			buildSettings = {
				ALWAYS_EMBED_SWIFT_STANDARD_LIBRARIES = YES;
				BUNDLE_LOADER = "$(TEST_HOST)";
				CODE_SIGN_STYLE = Automatic;
				INFOPLIST_FILE = ExampleTests/Info.plist;
				LD_RUNPATH_SEARCH_PATHS = (
					"$(inherited)",
					"@executable_path/Frameworks",
					"@loader_path/Frameworks",
				);
				PRODUCT_BUNDLE_IDENTIFIER = com.vomh.ExampleTests;
				PRODUCT_NAME = "$(TARGET_NAME)";
				SWIFT_VERSION = 4.0;
				TARGETED_DEVICE_FAMILY = "1,2";
				TEST_HOST = "$(BUILT_PRODUCTS_DIR)/Example.app/Example";
			};
			name = Debug;
		};
		1DA6A86B215FC021006EC489 /* Release */ = {
			isa = XCBuildConfiguration;
			baseConfigurationReference = BCDA9708051AC125915A4C2C /* Pods-ExampleTests.release.xcconfig */;
			buildSettings = {
				ALWAYS_EMBED_SWIFT_STANDARD_LIBRARIES = YES;
				BUNDLE_LOADER = "$(TEST_HOST)";
				CODE_SIGN_STYLE = Automatic;
				INFOPLIST_FILE = ExampleTests/Info.plist;
				LD_RUNPATH_SEARCH_PATHS = (
					"$(inherited)",
					"@executable_path/Frameworks",
					"@loader_path/Frameworks",
				);
				PRODUCT_BUNDLE_IDENTIFIER = com.vomh.ExampleTests;
				PRODUCT_NAME = "$(TARGET_NAME)";
				SWIFT_VERSION = 4.0;
				TARGETED_DEVICE_FAMILY = "1,2";
				TEST_HOST = "$(BUILT_PRODUCTS_DIR)/Example.app/Example";
			};
			name = Release;
		};
		1DA6A86D215FC021006EC489 /* Debug */ = {
			isa = XCBuildConfiguration;
			baseConfigurationReference = D01C04300EF47791DDEC9B80 /* Pods-ExampleUITests.debug.xcconfig */;
			buildSettings = {
				ALWAYS_EMBED_SWIFT_STANDARD_LIBRARIES = YES;
				CODE_SIGN_STYLE = Automatic;
				INFOPLIST_FILE = ExampleUITests/Info.plist;
				LD_RUNPATH_SEARCH_PATHS = (
					"$(inherited)",
					"@executable_path/Frameworks",
					"@loader_path/Frameworks",
				);
				PRODUCT_BUNDLE_IDENTIFIER = com.vomh.ExampleUITests;
				PRODUCT_NAME = "$(TARGET_NAME)";
				SWIFT_VERSION = 4.0;
				TARGETED_DEVICE_FAMILY = "1,2";
				TEST_TARGET_NAME = Example;
			};
			name = Debug;
		};
		1DA6A86E215FC021006EC489 /* Release */ = {
			isa = XCBuildConfiguration;
			baseConfigurationReference = CB27C603B9CF28EC443FE7CE /* Pods-ExampleUITests.release.xcconfig */;
			buildSettings = {
				ALWAYS_EMBED_SWIFT_STANDARD_LIBRARIES = YES;
				CODE_SIGN_STYLE = Automatic;
				INFOPLIST_FILE = ExampleUITests/Info.plist;
				LD_RUNPATH_SEARCH_PATHS = (
					"$(inherited)",
					"@executable_path/Frameworks",
					"@loader_path/Frameworks",
				);
				PRODUCT_BUNDLE_IDENTIFIER = com.vomh.ExampleUITests;
				PRODUCT_NAME = "$(TARGET_NAME)";
				SWIFT_VERSION = 4.0;
				TARGETED_DEVICE_FAMILY = "1,2";
				TEST_TARGET_NAME = Example;
			};
			name = Release;
		};
/* End XCBuildConfiguration section */

/* Begin XCConfigurationList section */
		1DA6A836215FC020006EC489 /* Build configuration list for PBXProject "Example" */ = {
			isa = XCConfigurationList;
			buildConfigurations = (
				1DA6A864215FC021006EC489 /* Debug */,
				1DA6A865215FC021006EC489 /* Release */,
			);
			defaultConfigurationIsVisible = 0;
			defaultConfigurationName = Release;
		};
		1DA6A866215FC021006EC489 /* Build configuration list for PBXNativeTarget "Example" */ = {
			isa = XCConfigurationList;
			buildConfigurations = (
				1DA6A867215FC021006EC489 /* Debug */,
				1DA6A868215FC021006EC489 /* Release */,
			);
			defaultConfigurationIsVisible = 0;
			defaultConfigurationName = Release;
		};
		1DA6A869215FC021006EC489 /* Build configuration list for PBXNativeTarget "ExampleTests" */ = {
			isa = XCConfigurationList;
			buildConfigurations = (
				1DA6A86A215FC021006EC489 /* Debug */,
				1DA6A86B215FC021006EC489 /* Release */,
			);
			defaultConfigurationIsVisible = 0;
			defaultConfigurationName = Release;
		};
		1DA6A86C215FC021006EC489 /* Build configuration list for PBXNativeTarget "ExampleUITests" */ = {
			isa = XCConfigurationList;
			buildConfigurations = (
				1DA6A86D215FC021006EC489 /* Debug */,
				1DA6A86E215FC021006EC489 /* Release */,
			);
			defaultConfigurationIsVisible = 0;
			defaultConfigurationName = Release;
		};
/* End XCConfigurationList section */

/* Begin XCVersionGroup section */
		1DA6A845215FC020006EC489 /* Example.xcdatamodeld */ = {
			isa = XCVersionGroup;
			children = (
				1DA6A846215FC020006EC489 /* Example.xcdatamodel */,
			);
			currentVersion = 1DA6A846215FC020006EC489 /* Example.xcdatamodel */;
			path = Example.xcdatamodeld;
			sourceTree = "<group>";
			versionGroupType = wrapper.xcdatamodel;
		};
/* End XCVersionGroup section */
	};
	rootObject = 1DA6A833215FC020006EC489 /* Project object */;
}
